
Microsoft Visual Studio Solution File, Format Version 12.00
# Visual Studio Version 16
VisualStudioVersion = 16.0.28922.388
MinimumVisualStudioVersion = 10.0.40219.1
Project("{FAE04EC0-301F-11D3-BF4B-00C04F79EFBC}") = "GalleryOnline", "GalleryOnline\GalleryOnline.csproj", "{065D7710-9FC2-415D-9975-FA0B225597BC}"
EndProject
Global
	GlobalSection(SolutionConfigurationPlatforms) = preSolution
		Debug|Any CPU = Debug|Any CPU
		Release|Any CPU = Release|Any CPU
	EndGlobalSection
	GlobalSection(ProjectConfigurationPlatforms) = postSolution
		{065D7710-9FC2-415D-9975-FA0B225597BC}.Debug|Any CPU.ActiveCfg = Debug|Any CPU
		{065D7710-9FC2-415D-9975-FA0B225597BC}.Debug|Any CPU.Build.0 = Debug|Any CPU
		{065D7710-9FC2-415D-9975-FA0B225597BC}.Release|Any CPU.ActiveCfg = Release|Any CPU
		{065D7710-9FC2-415D-9975-FA0B225597BC}.Release|Any CPU.Build.0 = Release|Any CPU
	EndGlobalSection
	GlobalSection(SolutionProperties) = preSolution
		HideSolutionNode = FALSE
	EndGlobalSection
	GlobalSection(ExtensibilityGlobals) = postSolution
		SolutionGuid = {E2DDA20C-A4D0-4C46-A853-85EC22868A8D}
	EndGlobalSection
EndGlobal
